
Microsoft Visual Studio Solution File, Format Version 12.00
# Visual Studio Version 16
VisualStudioVersion = 16.0.29509.3
MinimumVisualStudioVersion = 10.0.40219.1
Project("{FAE04EC0-301F-11D3-BF4B-00C04F79EFBC}") = "Produ.NetcoreWeb", "Produ.NetcoreWeb\Produ.NetcoreWeb.csproj", "{89832426-D358-41EC-BC7A-AB4BFA85C034}"
EndProject
Global
	GlobalSection(SolutionConfigurationPlatforms) = preSolution
		Debug|Any CPU = Debug|Any CPU
		Release|Any CPU = Release|Any CPU
	EndGlobalSection
	GlobalSection(ProjectConfigurationPlatforms) = postSolution
		{89832426-D358-41EC-BC7A-AB4BFA85C034}.Debug|Any CPU.ActiveCfg = Debug|Any CPU
		{89832426-D358-41EC-BC7A-AB4BFA85C034}.Debug|Any CPU.Build.0 = Debug|Any CPU
		{89832426-D358-41EC-BC7A-AB4BFA85C034}.Release|Any CPU.ActiveCfg = Release|Any CPU
		{89832426-D358-41EC-BC7A-AB4BFA85C034}.Release|Any CPU.Build.0 = Release|Any CPU
	EndGlobalSection
	GlobalSection(SolutionProperties) = preSolution
		HideSolutionNode = FALSE
	EndGlobalSection
	GlobalSection(ExtensibilityGlobals) = postSolution
		SolutionGuid = {BBA8C369-4D89-48A2-BE76-7BBB59059021}
	EndGlobalSection
EndGlobal
